
Microsoft Visual Studio Solution File, Format Version 12.00
# Visual Studio Version 16
VisualStudioVersion = 16.0.34031.81
MinimumVisualStudioVersion = 10.0.40219.1
Project("{FAE04EC0-301F-11D3-BF4B-00C04F79EFBC}") = "Tyuiu.VelizhaninPI.Sprint6.Task0.V3.Lib", "Tyuiu.VelizhaninPI.Sprint6.Task0.V3.Lib\Tyuiu.VelizhaninPI.Sprint6.Task0.V3.Lib.csproj", "{F11CAE6A-C355-46CC-BE2E-CABC1D47FF8E}"
EndProject
Project("{FAE04EC0-301F-11D3-BF4B-00C04F79EFBC}") = "Tyuiu.VelizhaninPI.Sprint6.Task0.V3.Test", "Tyuiu.VelizhaninPI.Sprint6.Task0.V3.Test\Tyuiu.VelizhaninPI.Sprint6.Task0.V3.Test.csproj", "{38CBFAAB-9A2C-48CA-8DAE-8EFBAF83946E}"
EndProject
Project("{FAE04EC0-301F-11D3-BF4B-00C04F79EFBC}") = "Tyuiu.VelizhaninPI.Sprint6.Task0.V3", "Tyuiu.VelizhaninPI.Sprint6.Task0.V3\Tyuiu.VelizhaninPI.Sprint6.Task0.V3.csproj", "{17733C1F-6514-4D8E-96F4-59685C956E87}"
EndProject
Project("{2150E333-8FDC-42A3-9474-1A3956D46DE8}") = "Task1", "Task1", "{B84DDC0C-3807-4FB8-8FD2-F8C3C0A4FA1C}"
EndProject
Project("{FAE04EC0-301F-11D3-BF4B-00C04F79EFBC}") = "Tyuiu.VelizhaninPI.Sprint6.Task1.V23.Lib", "Tyuiu.VelizhaninPI.Sprint6.Task1.V23.Lib\Tyuiu.VelizhaninPI.Sprint6.Task1.V23.Lib.csproj", "{85ADECB5-3F49-4F94-9E45-A7B4D445DB21}"
EndProject
Project("{FAE04EC0-301F-11D3-BF4B-00C04F79EFBC}") = "Tyuiu.VelizhaninPI.Sprint6.Task1.V23.Test", "Tyuiu.VelizhaninPI.Sprint6.Task1.V23.Test\Tyuiu.VelizhaninPI.Sprint6.Task1.V23.Test.csproj", "{254C3E81-B928-464F-9305-521071DAAF79}"
EndProject
Project("{FAE04EC0-301F-11D3-BF4B-00C04F79EFBC}") = "Tyuiu.VelizhaninPI.Sprint6.Task1.V23", "Tyuiu.VelizhaninPI.Sprint6.Task1.V23\Tyuiu.VelizhaninPI.Sprint6.Task1.V23.csproj", "{57F39789-76A2-4057-9EA0-E9A70A209C6A}"
EndProject
Project("{2150E333-8FDC-42A3-9474-1A3956D46DE8}") = "Task2", "Task2", "{33C5501D-D4A9-41E8-B2B0-6250462D53F2}"
EndProject
Project("{FAE04EC0-301F-11D3-BF4B-00C04F79EFBC}") = "Tyuiu.VelizhaninPI.Sprint6.Task2.V14.Test", "Tyuiu.VelizhaninPI.Sprint6.Task2.V14.Test\Tyuiu.VelizhaninPI.Sprint6.Task2.V14.Test.csproj", "{25588B84-335C-4D38-8E38-9C652240618C}"
EndProject
Project("{FAE04EC0-301F-11D3-BF4B-00C04F79EFBC}") = "Tyuiu.VelizhaninPI.Sprint6.Task2.V14.Lib", "Tyuiu.VelizhaninPI.Sprint6.Task2.V14.Lib\Tyuiu.VelizhaninPI.Sprint6.Task2.V14.Lib.csproj", "{56A8DDE4-B77A-4204-B3C4-CF2CBF874BCE}"
EndProject
Project("{FAE04EC0-301F-11D3-BF4B-00C04F79EFBC}") = "Tyuiu.VelizhaninPI.Sprint6.Task2.V14", "Tyuiu.VelizhaninPI.Sprint6.Task2.V14\Tyuiu.VelizhaninPI.Sprint6.Task2.V14.csproj", "{B34AFD6C-4E1C-4FE7-86B1-34E38969D52E}"
EndProject
Project("{2150E333-8FDC-42A3-9474-1A3956D46DE8}") = "Task3", "Task3", "{00BD2EC4-48F7-4625-AB3C-0108495A198A}"
EndProject
Project("{FAE04EC0-301F-11D3-BF4B-00C04F79EFBC}") = "Tyuiu.VelizhaninPI.Sprint6.Task3.V16.Lib", "Tyuiu.VelizhaninPI.Sprint6.Task3.V16.Lib\Tyuiu.VelizhaninPI.Sprint6.Task3.V16.Lib.csproj", "{42F2FEC5-F0BE-49EE-86A2-937ED443DA8A}"
EndProject
Project("{FAE04EC0-301F-11D3-BF4B-00C04F79EFBC}") = "Tyuiu.VelizhaninPI.Sprint6.Task3.V16.Test", "Tyuiu.VelizhaninPI.Sprint6.Task3.V16.Test\Tyuiu.VelizhaninPI.Sprint6.Task3.V16.Test.csproj", "{C1DCEF06-9D3B-4999-8695-4B90D8921E5F}"
EndProject
Project("{FAE04EC0-301F-11D3-BF4B-00C04F79EFBC}") = "Tyuiu.VelizhaninPI.Sprint6.Task3.V16", "Tyuiu.VelizhaninPI.Sprint6.Task3.V16\Tyuiu.VelizhaninPI.Sprint6.Task3.V16.csproj", "{A7EEE9F7-BE6E-4348-8F8E-595446929643}"
EndProject
Project("{2150E333-8FDC-42A3-9474-1A3956D46DE8}") = "Task4", "Task4", "{832F15F3-3F25-4BA3-897A-FC864FAD61C9}"
EndProject
Project("{FAE04EC0-301F-11D3-BF4B-00C04F79EFBC}") = "Tyuiu.VelizhaninPI.Sprint6.Task4.V6.Lib", "Tyuiu.VelizhaninPI.Sprint6.Task4.V6.Lib\Tyuiu.VelizhaninPI.Sprint6.Task4.V6.Lib.csproj", "{10972653-7473-4D78-B75D-5E3DAE154B19}"
EndProject
Project("{FAE04EC0-301F-11D3-BF4B-00C04F79EFBC}") = "Tyuiu.VelizhaninPI.Sprint6.Task4.V6.Test", "Tyuiu.VelizhaninPI.Sprint6.Task4.V6.Test\Tyuiu.VelizhaninPI.Sprint6.Task4.V6.Test.csproj", "{27E2F375-2E32-41DF-8C34-CC18BF171044}"
EndProject
Project("{FAE04EC0-301F-11D3-BF4B-00C04F79EFBC}") = "Tyuiu.VelizhaninPI.Sprint6.Task4.V6", "Tyuiu.VelizhaninPI.Sprint6.Task4.V6\Tyuiu.VelizhaninPI.Sprint6.Task4.V6.csproj", "{878CB9B8-9F26-43CC-8D23-BA27DA50E111}"
EndProject
Project("{2150E333-8FDC-42A3-9474-1A3956D46DE8}") = "Task5", "Task5", "{9039E88D-B6E2-4E93-962C-E60AB80CF168}"
EndProject
Project("{FAE04EC0-301F-11D3-BF4B-00C04F79EFBC}") = "Tyuiu.VelizhaninPI.Sprint6.Task5.V25.Lib", "Tyuiu.VelizhaninPI.Sprint6.Task5.V25.Lib\Tyuiu.VelizhaninPI.Sprint6.Task5.V25.Lib.csproj", "{956D3590-E3AC-4D7A-9D3D-881161337A23}"
EndProject
Project("{FAE04EC0-301F-11D3-BF4B-00C04F79EFBC}") = "Tyuiu.VelizhaninPI.Sprint6.Task5.V25.Test", "Tyuiu.VelizhaninPI.Sprint6.Task5.V25.Test\Tyuiu.VelizhaninPI.Sprint6.Task5.V25.Test.csproj", "{D7F8E059-571C-45A5-96C6-14BA01066732}"
EndProject
Project("{FAE04EC0-301F-11D3-BF4B-00C04F79EFBC}") = "Tyuiu.VelizhaninPI.Sprint6.Task5.V25", "Tyuiu.VelizhaninPI.Sprint6.Task5.V25\Tyuiu.VelizhaninPI.Sprint6.Task5.V25.csproj", "{96F6D2F8-4C7E-4CBD-8924-3B2AF94EA050}"
EndProject
Project("{2150E333-8FDC-42A3-9474-1A3956D46DE8}") = "Task6", "Task6", "{B2901E32-9881-44B7-99D6-37E0CA197398}"
EndProject
Project("{FAE04EC0-301F-11D3-BF4B-00C04F79EFBC}") = "Tyuiu.VelizhaninPI.Sprint6.Task6.V4.Lib", "Tyuiu.VelizhaninPI.Sprint6.Task6.V4.Lib\Tyuiu.VelizhaninPI.Sprint6.Task6.V4.Lib.csproj", "{80E835E6-3A69-4059-B2B1-AC5E7F67F459}"
EndProject
Project("{FAE04EC0-301F-11D3-BF4B-00C04F79EFBC}") = "Tyuiu.VelizhaninPI.Sprint6.Task6.V4.Test", "Tyuiu.VelizhaninPI.Sprint6.Task6.V4.Test\Tyuiu.VelizhaninPI.Sprint6.Task6.V4.Test.csproj", "{D784F6C9-DA1C-4E77-B2AA-C5474E14B083}"
EndProject
Project("{FAE04EC0-301F-11D3-BF4B-00C04F79EFBC}") = "Tyuiu.VelizhaninPI.Sprint6.Task6.V4", "Tyuiu.VelizhaninPI.Sprint6.Task6.V4\Tyuiu.VelizhaninPI.Sprint6.Task6.V4.csproj", "{40AE8545-0B21-46CB-85AA-8F8E82C65EB7}"
EndProject
Global
	GlobalSection(SolutionConfigurationPlatforms) = preSolution
		Debug|Any CPU = Debug|Any CPU
		Release|Any CPU = Release|Any CPU
	EndGlobalSection
	GlobalSection(ProjectConfigurationPlatforms) = postSolution
		{F11CAE6A-C355-46CC-BE2E-CABC1D47FF8E}.Debug|Any CPU.ActiveCfg = Debug|Any CPU
		{F11CAE6A-C355-46CC-BE2E-CABC1D47FF8E}.Debug|Any CPU.Build.0 = Debug|Any CPU
		{F11CAE6A-C355-46CC-BE2E-CABC1D47FF8E}.Release|Any CPU.ActiveCfg = Release|Any CPU
		{F11CAE6A-C355-46CC-BE2E-CABC1D47FF8E}.Release|Any CPU.Build.0 = Release|Any CPU
		{38CBFAAB-9A2C-48CA-8DAE-8EFBAF83946E}.Debug|Any CPU.ActiveCfg = Debug|Any CPU
		{38CBFAAB-9A2C-48CA-8DAE-8EFBAF83946E}.Debug|Any CPU.Build.0 = Debug|Any CPU
		{38CBFAAB-9A2C-48CA-8DAE-8EFBAF83946E}.Release|Any CPU.ActiveCfg = Release|Any CPU
		{38CBFAAB-9A2C-48CA-8DAE-8EFBAF83946E}.Release|Any CPU.Build.0 = Release|Any CPU
		{17733C1F-6514-4D8E-96F4-59685C956E87}.Debug|Any CPU.ActiveCfg = Debug|Any CPU
		{17733C1F-6514-4D8E-96F4-59685C956E87}.Debug|Any CPU.Build.0 = Debug|Any CPU
		{17733C1F-6514-4D8E-96F4-59685C956E87}.Release|Any CPU.ActiveCfg = Release|Any CPU
		{17733C1F-6514-4D8E-96F4-59685C956E87}.Release|Any CPU.Build.0 = Release|Any CPU
		{85ADECB5-3F49-4F94-9E45-A7B4D445DB21}.Debug|Any CPU.ActiveCfg = Debug|Any CPU
		{85ADECB5-3F49-4F94-9E45-A7B4D445DB21}.Debug|Any CPU.Build.0 = Debug|Any CPU
		{85ADECB5-3F49-4F94-9E45-A7B4D445DB21}.Release|Any CPU.ActiveCfg = Release|Any CPU
		{85ADECB5-3F49-4F94-9E45-A7B4D445DB21}.Release|Any CPU.Build.0 = Release|Any CPU
		{254C3E81-B928-464F-9305-521071DAAF79}.Debug|Any CPU.ActiveCfg = Debug|Any CPU
		{254C3E81-B928-464F-9305-521071DAAF79}.Debug|Any CPU.Build.0 = Debug|Any CPU
		{254C3E81-B928-464F-9305-521071DAAF79}.Release|Any CPU.ActiveCfg = Release|Any CPU
		{254C3E81-B928-464F-9305-521071DAAF79}.Release|Any CPU.Build.0 = Release|Any CPU
		{57F39789-76A2-4057-9EA0-E9A70A209C6A}.Debug|Any CPU.ActiveCfg = Debug|Any CPU
		{57F39789-76A2-4057-9EA0-E9A70A209C6A}.Debug|Any CPU.Build.0 = Debug|Any CPU
		{57F39789-76A2-4057-9EA0-E9A70A209C6A}.Release|Any CPU.ActiveCfg = Release|Any CPU
		{57F39789-76A2-4057-9EA0-E9A70A209C6A}.Release|Any CPU.Build.0 = Release|Any CPU
		{25588B84-335C-4D38-8E38-9C652240618C}.Debug|Any CPU.ActiveCfg = Debug|Any CPU
		{25588B84-335C-4D38-8E38-9C652240618C}.Debug|Any CPU.Build.0 = Debug|Any CPU
		{25588B84-335C-4D38-8E38-9C652240618C}.Release|Any CPU.ActiveCfg = Release|Any CPU
		{25588B84-335C-4D38-8E38-9C652240618C}.Release|Any CPU.Build.0 = Release|Any CPU
		{56A8DDE4-B77A-4204-B3C4-CF2CBF874BCE}.Debug|Any CPU.ActiveCfg = Debug|Any CPU
		{56A8DDE4-B77A-4204-B3C4-CF2CBF874BCE}.Debug|Any CPU.Build.0 = Debug|Any CPU
		{56A8DDE4-B77A-4204-B3C4-CF2CBF874BCE}.Release|Any CPU.ActiveCfg = Release|Any CPU
		{56A8DDE4-B77A-4204-B3C4-CF2CBF874BCE}.Release|Any CPU.Build.0 = Release|Any CPU
		{B34AFD6C-4E1C-4FE7-86B1-34E38969D52E}.Debug|Any CPU.ActiveCfg = Debug|Any CPU
		{B34AFD6C-4E1C-4FE7-86B1-34E38969D52E}.Debug|Any CPU.Build.0 = Debug|Any CPU
		{B34AFD6C-4E1C-4FE7-86B1-34E38969D52E}.Release|Any CPU.ActiveCfg = Release|Any CPU
		{B34AFD6C-4E1C-4FE7-86B1-34E38969D52E}.Release|Any CPU.Build.0 = Release|Any CPU
		{42F2FEC5-F0BE-49EE-86A2-937ED443DA8A}.Debug|Any CPU.ActiveCfg = Debug|Any CPU
		{42F2FEC5-F0BE-49EE-86A2-937ED443DA8A}.Debug|Any CPU.Build.0 = Debug|Any CPU
		{42F2FEC5-F0BE-49EE-86A2-937ED443DA8A}.Release|Any CPU.ActiveCfg = Release|Any CPU
		{42F2FEC5-F0BE-49EE-86A2-937ED443DA8A}.Release|Any CPU.Build.0 = Release|Any CPU
		{C1DCEF06-9D3B-4999-8695-4B90D8921E5F}.Debug|Any CPU.ActiveCfg = Debug|Any CPU
		{C1DCEF06-9D3B-4999-8695-4B90D8921E5F}.Debug|Any CPU.Build.0 = Debug|Any CPU
		{C1DCEF06-9D3B-4999-8695-4B90D8921E5F}.Release|Any CPU.ActiveCfg = Release|Any CPU
		{C1DCEF06-9D3B-4999-8695-4B90D8921E5F}.Release|Any CPU.Build.0 = Release|Any CPU
		{A7EEE9F7-BE6E-4348-8F8E-595446929643}.Debug|Any CPU.ActiveCfg = Debug|Any CPU
		{A7EEE9F7-BE6E-4348-8F8E-595446929643}.Debug|Any CPU.Build.0 = Debug|Any CPU
		{A7EEE9F7-BE6E-4348-8F8E-595446929643}.Release|Any CPU.ActiveCfg = Release|Any CPU
		{A7EEE9F7-BE6E-4348-8F8E-595446929643}.Release|Any CPU.Build.0 = Release|Any CPU
		{10972653-7473-4D78-B75D-5E3DAE154B19}.Debug|Any CPU.ActiveCfg = Debug|Any CPU
		{10972653-7473-4D78-B75D-5E3DAE154B19}.Debug|Any CPU.Build.0 = Debug|Any CPU
		{10972653-7473-4D78-B75D-5E3DAE154B19}.Release|Any CPU.ActiveCfg = Release|Any CPU
		{10972653-7473-4D78-B75D-5E3DAE154B19}.Release|Any CPU.Build.0 = Release|Any CPU
		{27E2F375-2E32-41DF-8C34-CC18BF171044}.Debug|Any CPU.ActiveCfg = Debug|Any CPU
		{27E2F375-2E32-41DF-8C34-CC18BF171044}.Debug|Any CPU.Build.0 = Debug|Any CPU
		{27E2F375-2E32-41DF-8C34-CC18BF171044}.Release|Any CPU.ActiveCfg = Release|Any CPU
		{27E2F375-2E32-41DF-8C34-CC18BF171044}.Release|Any CPU.Build.0 = Release|Any CPU
		{878CB9B8-9F26-43CC-8D23-BA27DA50E111}.Debug|Any CPU.ActiveCfg = Debug|Any CPU
		{878CB9B8-9F26-43CC-8D23-BA27DA50E111}.Debug|Any CPU.Build.0 = Debug|Any CPU
		{878CB9B8-9F26-43CC-8D23-BA27DA50E111}.Release|Any CPU.ActiveCfg = Release|Any CPU
		{878CB9B8-9F26-43CC-8D23-BA27DA50E111}.Release|Any CPU.Build.0 = Release|Any CPU
		{956D3590-E3AC-4D7A-9D3D-881161337A23}.Debug|Any CPU.ActiveCfg = Debug|Any CPU
		{956D3590-E3AC-4D7A-9D3D-881161337A23}.Debug|Any CPU.Build.0 = Debug|Any CPU
		{956D3590-E3AC-4D7A-9D3D-881161337A23}.Release|Any CPU.ActiveCfg = Release|Any CPU
		{956D3590-E3AC-4D7A-9D3D-881161337A23}.Release|Any CPU.Build.0 = Release|Any CPU
		{D7F8E059-571C-45A5-96C6-14BA01066732}.Debug|Any CPU.ActiveCfg = Debug|Any CPU
		{D7F8E059-571C-45A5-96C6-14BA01066732}.Debug|Any CPU.Build.0 = Debug|Any CPU
		{D7F8E059-571C-45A5-96C6-14BA01066732}.Release|Any CPU.ActiveCfg = Release|Any CPU
		{D7F8E059-571C-45A5-96C6-14BA01066732}.Release|Any CPU.Build.0 = Release|Any CPU
		{96F6D2F8-4C7E-4CBD-8924-3B2AF94EA050}.Debug|Any CPU.ActiveCfg = Debug|Any CPU
		{96F6D2F8-4C7E-4CBD-8924-3B2AF94EA050}.Debug|Any CPU.Build.0 = Debug|Any CPU
		{96F6D2F8-4C7E-4CBD-8924-3B2AF94EA050}.Release|Any CPU.ActiveCfg = Release|Any CPU
		{96F6D2F8-4C7E-4CBD-8924-3B2AF94EA050}.Release|Any CPU.Build.0 = Release|Any CPU
		{80E835E6-3A69-4059-B2B1-AC5E7F67F459}.Debug|Any CPU.ActiveCfg = Debug|Any CPU
		{80E835E6-3A69-4059-B2B1-AC5E7F67F459}.Debug|Any CPU.Build.0 = Debug|Any CPU
		{80E835E6-3A69-4059-B2B1-AC5E7F67F459}.Release|Any CPU.ActiveCfg = Release|Any CPU
		{80E835E6-3A69-4059-B2B1-AC5E7F67F459}.Release|Any CPU.Build.0 = Release|Any CPU
		{D784F6C9-DA1C-4E77-B2AA-C5474E14B083}.Debug|Any CPU.ActiveCfg = Debug|Any CPU
		{D784F6C9-DA1C-4E77-B2AA-C5474E14B083}.Debug|Any CPU.Build.0 = Debug|Any CPU
		{D784F6C9-DA1C-4E77-B2AA-C5474E14B083}.Release|Any CPU.ActiveCfg = Release|Any CPU
		{D784F6C9-DA1C-4E77-B2AA-C5474E14B083}.Release|Any CPU.Build.0 = Release|Any CPU
		{40AE8545-0B21-46CB-85AA-8F8E82C65EB7}.Debug|Any CPU.ActiveCfg = Debug|Any CPU
		{40AE8545-0B21-46CB-85AA-8F8E82C65EB7}.Debug|Any CPU.Build.0 = Debug|Any CPU
		{40AE8545-0B21-46CB-85AA-8F8E82C65EB7}.Release|Any CPU.ActiveCfg = Release|Any CPU
		{40AE8545-0B21-46CB-85AA-8F8E82C65EB7}.Release|Any CPU.Build.0 = Release|Any CPU
	EndGlobalSection
	GlobalSection(SolutionProperties) = preSolution
		HideSolutionNode = FALSE
	EndGlobalSection
	GlobalSection(NestedProjects) = preSolution
		{85ADECB5-3F49-4F94-9E45-A7B4D445DB21} = {B84DDC0C-3807-4FB8-8FD2-F8C3C0A4FA1C}
		{254C3E81-B928-464F-9305-521071DAAF79} = {B84DDC0C-3807-4FB8-8FD2-F8C3C0A4FA1C}
		{57F39789-76A2-4057-9EA0-E9A70A209C6A} = {B84DDC0C-3807-4FB8-8FD2-F8C3C0A4FA1C}
		{25588B84-335C-4D38-8E38-9C652240618C} = {33C5501D-D4A9-41E8-B2B0-6250462D53F2}
		{56A8DDE4-B77A-4204-B3C4-CF2CBF874BCE} = {33C5501D-D4A9-41E8-B2B0-6250462D53F2}
		{B34AFD6C-4E1C-4FE7-86B1-34E38969D52E} = {33C5501D-D4A9-41E8-B2B0-6250462D53F2}
		{42F2FEC5-F0BE-49EE-86A2-937ED443DA8A} = {00BD2EC4-48F7-4625-AB3C-0108495A198A}
		{C1DCEF06-9D3B-4999-8695-4B90D8921E5F} = {00BD2EC4-48F7-4625-AB3C-0108495A198A}
		{A7EEE9F7-BE6E-4348-8F8E-595446929643} = {00BD2EC4-48F7-4625-AB3C-0108495A198A}
		{10972653-7473-4D78-B75D-5E3DAE154B19} = {832F15F3-3F25-4BA3-897A-FC864FAD61C9}
		{27E2F375-2E32-41DF-8C34-CC18BF171044} = {832F15F3-3F25-4BA3-897A-FC864FAD61C9}
		{878CB9B8-9F26-43CC-8D23-BA27DA50E111} = {832F15F3-3F25-4BA3-897A-FC864FAD61C9}
		{956D3590-E3AC-4D7A-9D3D-881161337A23} = {9039E88D-B6E2-4E93-962C-E60AB80CF168}
		{D7F8E059-571C-45A5-96C6-14BA01066732} = {9039E88D-B6E2-4E93-962C-E60AB80CF168}
		{96F6D2F8-4C7E-4CBD-8924-3B2AF94EA050} = {9039E88D-B6E2-4E93-962C-E60AB80CF168}
		{80E835E6-3A69-4059-B2B1-AC5E7F67F459} = {B2901E32-9881-44B7-99D6-37E0CA197398}
		{D784F6C9-DA1C-4E77-B2AA-C5474E14B083} = {B2901E32-9881-44B7-99D6-37E0CA197398}
		{40AE8545-0B21-46CB-85AA-8F8E82C65EB7} = {B2901E32-9881-44B7-99D6-37E0CA197398}
	EndGlobalSection
	GlobalSection(ExtensibilityGlobals) = postSolution
		SolutionGuid = {4C01C3C1-CD23-4685-BF33-2F823C37E5EB}
	EndGlobalSection
EndGlobal
