
Microsoft Visual Studio Solution File, Format Version 12.00
# Visual Studio Version 16
VisualStudioVersion = 16.0.34031.81
MinimumVisualStudioVersion = 10.0.40219.1
Project("{FAE04EC0-301F-11D3-BF4B-00C04F79EFBC}") = "Tyuiu.VelizhaninPI.Sprint6.Task0.V3.Lib", "Tyuiu.VelizhaninPI.Sprint6.Task0.V3.Lib\Tyuiu.VelizhaninPI.Sprint6.Task0.V3.Lib.csproj", "{F11CAE6A-C355-46CC-BE2E-CABC1D47FF8E}"
EndProject
Project("{FAE04EC0-301F-11D3-BF4B-00C04F79EFBC}") = "Tyuiu.VelizhaninPI.Sprint6.Task0.V3.Test", "Tyuiu.VelizhaninPI.Sprint6.Task0.V3.Test\Tyuiu.VelizhaninPI.Sprint6.Task0.V3.Test.csproj", "{38CBFAAB-9A2C-48CA-8DAE-8EFBAF83946E}"
EndProject
Project("{FAE04EC0-301F-11D3-BF4B-00C04F79EFBC}") = "Tyuiu.VelizhaninPI.Sprint6.Task0.V3", "Tyuiu.VelizhaninPI.Sprint6.Task0.V3\Tyuiu.VelizhaninPI.Sprint6.Task0.V3.csproj", "{17733C1F-6514-4D8E-96F4-59685C956E87}"
EndProject
Project("{2150E333-8FDC-42A3-9474-1A3956D46DE8}") = "Task1", "Task1", "{B84DDC0C-3807-4FB8-8FD2-F8C3C0A4FA1C}"
EndProject
Project("{FAE04EC0-301F-11D3-BF4B-00C04F79EFBC}") = "Tyuiu.VelizhaninPI.Sprint6.Task1.V23.Lib", "Tyuiu.VelizhaninPI.Sprint6.Task1.V23.Lib\Tyuiu.VelizhaninPI.Sprint6.Task1.V23.Lib.csproj", "{85ADECB5-3F49-4F94-9E45-A7B4D445DB21}"
EndProject
Project("{FAE04EC0-301F-11D3-BF4B-00C04F79EFBC}") = "Tyuiu.VelizhaninPI.Sprint6.Task1.V23.Test", "Tyuiu.VelizhaninPI.Sprint6.Task1.V23.Test\Tyuiu.VelizhaninPI.Sprint6.Task1.V23.Test.csproj", "{254C3E81-B928-464F-9305-521071DAAF79}"
EndProject
Project("{FAE04EC0-301F-11D3-BF4B-00C04F79EFBC}") = "Tyuiu.VelizhaninPI.Sprint6.Task1.V23", "Tyuiu.VelizhaninPI.Sprint6.Task1.V23\Tyuiu.VelizhaninPI.Sprint6.Task1.V23.csproj", "{57F39789-76A2-4057-9EA0-E9A70A209C6A}"
EndProject
Project("{2150E333-8FDC-42A3-9474-1A3956D46DE8}") = "Task2", "Task2", "{33C5501D-D4A9-41E8-B2B0-6250462D53F2}"
EndProject
Project("{FAE04EC0-301F-11D3-BF4B-00C04F79EFBC}") = "Tyuiu.VelizhaninPI.Sprint6.Task2.V14.Test", "Tyuiu.VelizhaninPI.Sprint6.Task2.V14.Test\Tyuiu.VelizhaninPI.Sprint6.Task2.V14.Test.csproj", "{25588B84-335C-4D38-8E38-9C652240618C}"
EndProject
Project("{FAE04EC0-301F-11D3-BF4B-00C04F79EFBC}") = "Tyuiu.VelizhaninPI.Sprint6.Task2.V14.Lib", "Tyuiu.VelizhaninPI.Sprint6.Task2.V14.Lib\Tyuiu.VelizhaninPI.Sprint6.Task2.V14.Lib.csproj", "{56A8DDE4-B77A-4204-B3C4-CF2CBF874BCE}"
EndProject
Project("{FAE04EC0-301F-11D3-BF4B-00C04F79EFBC}") = "Tyuiu.VelizhaninPI.Sprint6.Task2.V14", "Tyuiu.VelizhaninPI.Sprint6.Task2.V14\Tyuiu.VelizhaninPI.Sprint6.Task2.V14.csproj", "{B34AFD6C-4E1C-4FE7-86B1-34E38969D52E}"
EndProject
Global
	GlobalSection(SolutionConfigurationPlatforms) = preSolution
		Debug|Any CPU = Debug|Any CPU
		Release|Any CPU = Release|Any CPU
	EndGlobalSection
	GlobalSection(ProjectConfigurationPlatforms) = postSolution
		{F11CAE6A-C355-46CC-BE2E-CABC1D47FF8E}.Debug|Any CPU.ActiveCfg = Debug|Any CPU
		{F11CAE6A-C355-46CC-BE2E-CABC1D47FF8E}.Debug|Any CPU.Build.0 = Debug|Any CPU
		{F11CAE6A-C355-46CC-BE2E-CABC1D47FF8E}.Release|Any CPU.ActiveCfg = Release|Any CPU
		{F11CAE6A-C355-46CC-BE2E-CABC1D47FF8E}.Release|Any CPU.Build.0 = Release|Any CPU
		{38CBFAAB-9A2C-48CA-8DAE-8EFBAF83946E}.Debug|Any CPU.ActiveCfg = Debug|Any CPU
		{38CBFAAB-9A2C-48CA-8DAE-8EFBAF83946E}.Debug|Any CPU.Build.0 = Debug|Any CPU
		{38CBFAAB-9A2C-48CA-8DAE-8EFBAF83946E}.Release|Any CPU.ActiveCfg = Release|Any CPU
		{38CBFAAB-9A2C-48CA-8DAE-8EFBAF83946E}.Release|Any CPU.Build.0 = Release|Any CPU
		{17733C1F-6514-4D8E-96F4-59685C956E87}.Debug|Any CPU.ActiveCfg = Debug|Any CPU
		{17733C1F-6514-4D8E-96F4-59685C956E87}.Debug|Any CPU.Build.0 = Debug|Any CPU
		{17733C1F-6514-4D8E-96F4-59685C956E87}.Release|Any CPU.ActiveCfg = Release|Any CPU
		{17733C1F-6514-4D8E-96F4-59685C956E87}.Release|Any CPU.Build.0 = Release|Any CPU
		{85ADECB5-3F49-4F94-9E45-A7B4D445DB21}.Debug|Any CPU.ActiveCfg = Debug|Any CPU
		{85ADECB5-3F49-4F94-9E45-A7B4D445DB21}.Debug|Any CPU.Build.0 = Debug|Any CPU
		{85ADECB5-3F49-4F94-9E45-A7B4D445DB21}.Release|Any CPU.ActiveCfg = Release|Any CPU
		{85ADECB5-3F49-4F94-9E45-A7B4D445DB21}.Release|Any CPU.Build.0 = Release|Any CPU
		{254C3E81-B928-464F-9305-521071DAAF79}.Debug|Any CPU.ActiveCfg = Debug|Any CPU
		{254C3E81-B928-464F-9305-521071DAAF79}.Debug|Any CPU.Build.0 = Debug|Any CPU
		{254C3E81-B928-464F-9305-521071DAAF79}.Release|Any CPU.ActiveCfg = Release|Any CPU
		{254C3E81-B928-464F-9305-521071DAAF79}.Release|Any CPU.Build.0 = Release|Any CPU
		{57F39789-76A2-4057-9EA0-E9A70A209C6A}.Debug|Any CPU.ActiveCfg = Debug|Any CPU
		{57F39789-76A2-4057-9EA0-E9A70A209C6A}.Debug|Any CPU.Build.0 = Debug|Any CPU
		{57F39789-76A2-4057-9EA0-E9A70A209C6A}.Release|Any CPU.ActiveCfg = Release|Any CPU
		{57F39789-76A2-4057-9EA0-E9A70A209C6A}.Release|Any CPU.Build.0 = Release|Any CPU
		{25588B84-335C-4D38-8E38-9C652240618C}.Debug|Any CPU.ActiveCfg = Debug|Any CPU
		{25588B84-335C-4D38-8E38-9C652240618C}.Debug|Any CPU.Build.0 = Debug|Any CPU
		{25588B84-335C-4D38-8E38-9C652240618C}.Release|Any CPU.ActiveCfg = Release|Any CPU
		{25588B84-335C-4D38-8E38-9C652240618C}.Release|Any CPU.Build.0 = Release|Any CPU
		{56A8DDE4-B77A-4204-B3C4-CF2CBF874BCE}.Debug|Any CPU.ActiveCfg = Debug|Any CPU
		{56A8DDE4-B77A-4204-B3C4-CF2CBF874BCE}.Debug|Any CPU.Build.0 = Debug|Any CPU
		{56A8DDE4-B77A-4204-B3C4-CF2CBF874BCE}.Release|Any CPU.ActiveCfg = Release|Any CPU
		{56A8DDE4-B77A-4204-B3C4-CF2CBF874BCE}.Release|Any CPU.Build.0 = Release|Any CPU
		{B34AFD6C-4E1C-4FE7-86B1-34E38969D52E}.Debug|Any CPU.ActiveCfg = Debug|Any CPU
		{B34AFD6C-4E1C-4FE7-86B1-34E38969D52E}.Debug|Any CPU.Build.0 = Debug|Any CPU
		{B34AFD6C-4E1C-4FE7-86B1-34E38969D52E}.Release|Any CPU.ActiveCfg = Release|Any CPU
		{B34AFD6C-4E1C-4FE7-86B1-34E38969D52E}.Release|Any CPU.Build.0 = Release|Any CPU
	EndGlobalSection
	GlobalSection(SolutionProperties) = preSolution
		HideSolutionNode = FALSE
	EndGlobalSection
	GlobalSection(NestedProjects) = preSolution
		{85ADECB5-3F49-4F94-9E45-A7B4D445DB21} = {B84DDC0C-3807-4FB8-8FD2-F8C3C0A4FA1C}
		{254C3E81-B928-464F-9305-521071DAAF79} = {B84DDC0C-3807-4FB8-8FD2-F8C3C0A4FA1C}
		{57F39789-76A2-4057-9EA0-E9A70A209C6A} = {B84DDC0C-3807-4FB8-8FD2-F8C3C0A4FA1C}
		{25588B84-335C-4D38-8E38-9C652240618C} = {33C5501D-D4A9-41E8-B2B0-6250462D53F2}
		{56A8DDE4-B77A-4204-B3C4-CF2CBF874BCE} = {33C5501D-D4A9-41E8-B2B0-6250462D53F2}
		{B34AFD6C-4E1C-4FE7-86B1-34E38969D52E} = {33C5501D-D4A9-41E8-B2B0-6250462D53F2}
	EndGlobalSection
	GlobalSection(ExtensibilityGlobals) = postSolution
		SolutionGuid = {4C01C3C1-CD23-4685-BF33-2F823C37E5EB}
	EndGlobalSection
EndGlobal
